
Microsoft Visual Studio Solution File, Format Version 11.00
# Visual Studio 2010
Project("{FAE04EC0-301F-11D3-BF4B-00C04F79EFBC}") = "Bricks.Net", "Bricks.Net\Bricks.Net.csproj", "{E53BECA2-2CFE-4D9C-AFFB-264CE7D29439}"
EndProject
Project("{FAE04EC0-301F-11D3-BF4B-00C04F79EFBC}") = "Bricks.Http", "Bricks.Http\Bricks.Http.csproj", "{19ABE067-9A2C-4F1E-89AE-08CCCE6D1BAE}"
EndProject
Project("{FAE04EC0-301F-11D3-BF4B-00C04F79EFBC}") = "Bricks.Net.Tests", "Bricks.Net.Tests\Bricks.Net.Tests.csproj", "{BA12B1E7-C28D-44DE-8B87-9F7BAFB3C0CD}"
EndProject
Project("{FAE04EC0-301F-11D3-BF4B-00C04F79EFBC}") = "Bricks.Http.Tests", "Bricks.Http.Tests\Bricks.Http.Tests.csproj", "{73D711A0-1F9B-4758-9E42-F4F4D01B24DD}"
EndProject
Project("{FAE04EC0-301F-11D3-BF4B-00C04F79EFBC}") = "TestApp", "TestApp\TestApp.csproj", "{29886256-25D7-4996-9F0E-5E11C36FD108}"
EndProject
Global
	GlobalSection(SolutionConfigurationPlatforms) = preSolution
		Debug|Any CPU = Debug|Any CPU
		Debug|Mixed Platforms = Debug|Mixed Platforms
		Debug|x86 = Debug|x86
		Release|Any CPU = Release|Any CPU
		Release|Mixed Platforms = Release|Mixed Platforms
		Release|x86 = Release|x86
	EndGlobalSection
	GlobalSection(ProjectConfigurationPlatforms) = postSolution
		{E53BECA2-2CFE-4D9C-AFFB-264CE7D29439}.Debug|Any CPU.ActiveCfg = Debug|Any CPU
		{E53BECA2-2CFE-4D9C-AFFB-264CE7D29439}.Debug|Any CPU.Build.0 = Debug|Any CPU
		{E53BECA2-2CFE-4D9C-AFFB-264CE7D29439}.Debug|Mixed Platforms.ActiveCfg = Debug|Any CPU
		{E53BECA2-2CFE-4D9C-AFFB-264CE7D29439}.Debug|Mixed Platforms.Build.0 = Debug|Any CPU
		{E53BECA2-2CFE-4D9C-AFFB-264CE7D29439}.Debug|x86.ActiveCfg = Debug|Any CPU
		{E53BECA2-2CFE-4D9C-AFFB-264CE7D29439}.Release|Any CPU.ActiveCfg = Release|Any CPU
		{E53BECA2-2CFE-4D9C-AFFB-264CE7D29439}.Release|Any CPU.Build.0 = Release|Any CPU
		{E53BECA2-2CFE-4D9C-AFFB-264CE7D29439}.Release|Mixed Platforms.ActiveCfg = Release|Any CPU
		{E53BECA2-2CFE-4D9C-AFFB-264CE7D29439}.Release|Mixed Platforms.Build.0 = Release|Any CPU
		{E53BECA2-2CFE-4D9C-AFFB-264CE7D29439}.Release|x86.ActiveCfg = Release|Any CPU
		{19ABE067-9A2C-4F1E-89AE-08CCCE6D1BAE}.Debug|Any CPU.ActiveCfg = Debug|Any CPU
		{19ABE067-9A2C-4F1E-89AE-08CCCE6D1BAE}.Debug|Any CPU.Build.0 = Debug|Any CPU
		{19ABE067-9A2C-4F1E-89AE-08CCCE6D1BAE}.Debug|Mixed Platforms.ActiveCfg = Debug|Any CPU
		{19ABE067-9A2C-4F1E-89AE-08CCCE6D1BAE}.Debug|Mixed Platforms.Build.0 = Debug|Any CPU
		{19ABE067-9A2C-4F1E-89AE-08CCCE6D1BAE}.Debug|x86.ActiveCfg = Debug|Any CPU
		{19ABE067-9A2C-4F1E-89AE-08CCCE6D1BAE}.Release|Any CPU.ActiveCfg = Release|Any CPU
		{19ABE067-9A2C-4F1E-89AE-08CCCE6D1BAE}.Release|Any CPU.Build.0 = Release|Any CPU
		{19ABE067-9A2C-4F1E-89AE-08CCCE6D1BAE}.Release|Mixed Platforms.ActiveCfg = Release|Any CPU
		{19ABE067-9A2C-4F1E-89AE-08CCCE6D1BAE}.Release|Mixed Platforms.Build.0 = Release|Any CPU
		{19ABE067-9A2C-4F1E-89AE-08CCCE6D1BAE}.Release|x86.ActiveCfg = Release|Any CPU
		{BA12B1E7-C28D-44DE-8B87-9F7BAFB3C0CD}.Debug|Any CPU.ActiveCfg = Debug|Any CPU
		{BA12B1E7-C28D-44DE-8B87-9F7BAFB3C0CD}.Debug|Any CPU.Build.0 = Debug|Any CPU
		{BA12B1E7-C28D-44DE-8B87-9F7BAFB3C0CD}.Debug|Mixed Platforms.ActiveCfg = Debug|Any CPU
		{BA12B1E7-C28D-44DE-8B87-9F7BAFB3C0CD}.Debug|Mixed Platforms.Build.0 = Debug|Any CPU
		{BA12B1E7-C28D-44DE-8B87-9F7BAFB3C0CD}.Debug|x86.ActiveCfg = Debug|Any CPU
		{BA12B1E7-C28D-44DE-8B87-9F7BAFB3C0CD}.Release|Any CPU.ActiveCfg = Release|Any CPU
		{BA12B1E7-C28D-44DE-8B87-9F7BAFB3C0CD}.Release|Any CPU.Build.0 = Release|Any CPU
		{BA12B1E7-C28D-44DE-8B87-9F7BAFB3C0CD}.Release|Mixed Platforms.ActiveCfg = Release|Any CPU
		{BA12B1E7-C28D-44DE-8B87-9F7BAFB3C0CD}.Release|Mixed Platforms.Build.0 = Release|Any CPU
		{BA12B1E7-C28D-44DE-8B87-9F7BAFB3C0CD}.Release|x86.ActiveCfg = Release|Any CPU
		{73D711A0-1F9B-4758-9E42-F4F4D01B24DD}.Debug|Any CPU.ActiveCfg = Debug|Any CPU
		{73D711A0-1F9B-4758-9E42-F4F4D01B24DD}.Debug|Any CPU.Build.0 = Debug|Any CPU
		{73D711A0-1F9B-4758-9E42-F4F4D01B24DD}.Debug|Mixed Platforms.ActiveCfg = Debug|Any CPU
		{73D711A0-1F9B-4758-9E42-F4F4D01B24DD}.Debug|Mixed Platforms.Build.0 = Debug|Any CPU
		{73D711A0-1F9B-4758-9E42-F4F4D01B24DD}.Debug|x86.ActiveCfg = Debug|Any CPU
		{73D711A0-1F9B-4758-9E42-F4F4D01B24DD}.Release|Any CPU.ActiveCfg = Release|Any CPU
		{73D711A0-1F9B-4758-9E42-F4F4D01B24DD}.Release|Any CPU.Build.0 = Release|Any CPU
		{73D711A0-1F9B-4758-9E42-F4F4D01B24DD}.Release|Mixed Platforms.ActiveCfg = Release|Any CPU
		{73D711A0-1F9B-4758-9E42-F4F4D01B24DD}.Release|Mixed Platforms.Build.0 = Release|Any CPU
		{73D711A0-1F9B-4758-9E42-F4F4D01B24DD}.Release|x86.ActiveCfg = Release|Any CPU
		{29886256-25D7-4996-9F0E-5E11C36FD108}.Debug|Any CPU.ActiveCfg = Debug|x86
		{29886256-25D7-4996-9F0E-5E11C36FD108}.Debug|Mixed Platforms.ActiveCfg = Debug|x86
		{29886256-25D7-4996-9F0E-5E11C36FD108}.Debug|Mixed Platforms.Build.0 = Debug|x86
		{29886256-25D7-4996-9F0E-5E11C36FD108}.Debug|x86.ActiveCfg = Debug|x86
		{29886256-25D7-4996-9F0E-5E11C36FD108}.Debug|x86.Build.0 = Debug|x86
		{29886256-25D7-4996-9F0E-5E11C36FD108}.Release|Any CPU.ActiveCfg = Release|x86
		{29886256-25D7-4996-9F0E-5E11C36FD108}.Release|Mixed Platforms.ActiveCfg = Release|x86
		{29886256-25D7-4996-9F0E-5E11C36FD108}.Release|Mixed Platforms.Build.0 = Release|x86
		{29886256-25D7-4996-9F0E-5E11C36FD108}.Release|x86.ActiveCfg = Release|x86
		{29886256-25D7-4996-9F0E-5E11C36FD108}.Release|x86.Build.0 = Release|x86
	EndGlobalSection
	GlobalSection(SolutionProperties) = preSolution
		HideSolutionNode = FALSE
	EndGlobalSection
EndGlobal
